{
    "hash": "dbe25fc0e81fd7295a8a358a7371da32",
    "packages": [
        {
            "package": "Trsteel/ckeditor-bundle",
            "version": "dev-master",
            "source-reference": "b2694961899f89aa555036d2b9fc49eff433b5f9",
            "commit-date": "1347023231"
        },
        {
            "package": "cedriclombardot/admingenerator-activeadmintheme-bundle",
            "version": "dev-master",
            "source-reference": "eb66bdaa52ccd55ef34df6eb3ad33604495f67db",
            "commit-date": "1345046674"
        },
        {
            "package": "cedriclombardot/admingenerator-generator-bundle",
            "version": "dev-master",
            "source-reference": "593798336f421fd41abb35e881658b1208da1d5c",
            "commit-date": "1347484308"
        },
        {
            "package": "cedriclombardot/admingenerator-oldtheme-bundle",
            "version": "dev-master",
            "source-reference": "8c0773536ef29d3811133314daa12d9a04609dff",
            "commit-date": "1347465834"
        },
        {
            "package": "cedriclombardot/admingenerator-user-bundle",
            "version": "dev-master",
            "source-reference": "efd2e064f062b63d464a9dd953485ecd5e6cff14",
            "commit-date": "1345044910"
        },
        {
            "package": "cedriclombardot/twig-generator",
            "version": "dev-master",
            "source-reference": "c7e1abd6c95c05c9e5bb98fe4e956bfaa15731a3",
            "commit-date": "1345887519"
        },
        {
            "package": "doctrine/common",
            "version": "2.3.x-dev",
            "source-reference": "605b1b8b5a7bc8daf9111fb35483e5708e30de35",
            "commit-date": "1346249247"
        },
        {
            "package": "friendsofsymfony/user-bundle",
            "version": "dev-master",
            "source-reference": "83536190cbd4a8b86846c3e8432f6ea907477b90",
            "commit-date": "1347413919"
        },
        {
            "package": "jms/aop-bundle",
            "version": "1.0.0"
        },
        {
            "package": "jms/cg",
            "version": "1.0.0"
        },
        {
            "package": "jms/di-extra-bundle",
            "version": "1.0.1"
        },
        {
            "package": "jms/metadata",
            "version": "1.1.1"
        },
        {
            "package": "jms/security-extra-bundle",
            "version": "1.1.0"
        },
        {
            "package": "knplabs/knp-menu",
            "version": "dev-master",
            "alias-pretty-version": "2.0.x-dev",
            "alias-version": "2.0.9999999.9999999-dev"
        },
        {
            "package": "knplabs/knp-menu",
            "version": "dev-master",
            "source-reference": "78f78d593117ac50ba3ab13664a7c99904f694d1",
            "commit-date": "1345991530"
        },
        {
            "package": "knplabs/knp-menu-bundle",
            "version": "dev-master",
            "source-reference": "dcbbf95363d2e36d507b481ac2124a0ae0ce6e67",
            "commit-date": "1346242383"
        },
        {
            "package": "kriswallsmith/assetic",
            "version": "dev-master",
            "alias-pretty-version": "1.1.x-dev",
            "alias-version": "1.1.9999999.9999999-dev"
        },
        {
            "package": "kriswallsmith/assetic",
            "version": "dev-master",
            "source-reference": "dfbb776288baf9319d1693195af2cb6e00729901",
            "commit-date": "1347039484"
        },
        {
            "package": "monolog/monolog",
            "version": "dev-master",
            "alias-pretty-version": "1.3.x-dev",
            "alias-version": "1.3.9999999.9999999-dev"
        },
        {
            "package": "monolog/monolog",
            "version": "dev-master",
            "source-reference": "0f3dc95c4a0ed7d17bec237d07af3da6c0c1071a",
            "commit-date": "1347363321"
        },
        {
            "package": "pagerfanta/pagerfanta",
            "version": "dev-master",
            "source-reference": "12f71d99457b018fb80746f84514dd5b495c5789",
            "commit-date": "1345672591"
        },
        {
            "package": "phing/phing",
            "version": "2.4.12"
        },
        {
            "package": "propel/propel-bundle",
            "version": "1.1.x-dev",
            "source-reference": "ea7653d2c744285656d2ebcf44f18ddcdc0f39dd",
            "commit-date": "1345831154"
        },
        {
            "package": "propel/propel1",
            "version": "dev-master",
            "alias-pretty-version": "1.6.x-dev",
            "alias-version": "1.6.9999999.9999999-dev"
        },
        {
            "package": "propel/propel1",
            "version": "dev-master",
            "source-reference": "bfb8055fbcc430cc84d5d4cfbe35dd2a4c4745d1",
            "commit-date": "1347274942"
        },
        {
            "package": "sensio/distribution-bundle",
            "version": "dev-master",
            "alias-pretty-version": "2.1.x-dev",
            "alias-version": "2.1.9999999.9999999-dev"
        },
        {
            "package": "sensio/distribution-bundle",
            "version": "dev-master",
            "source-reference": "db29405a82dc7174d2d3e52e4196db8010068d10",
            "commit-date": "1347527035"
        },
        {
            "package": "sensio/framework-extra-bundle",
            "version": "2.1.x-dev",
            "source-reference": "v2.1.0",
            "commit-date": "1346234539"
        },
        {
            "package": "sensio/generator-bundle",
            "version": "dev-master",
            "source-reference": "v2.1.0-RC2",
            "commit-date": "1346138171"
        },
        {
            "package": "swiftmailer/swiftmailer",
            "version": "dev-master",
            "alias-pretty-version": "4.2.x-dev",
            "alias-version": "4.2.9999999.9999999-dev"
        },
        {
            "package": "swiftmailer/swiftmailer",
            "version": "dev-master",
            "source-reference": "c97353b1ebffe25a224146f69d17efe24c093def",
            "commit-date": "1347083952"
        },
        {
            "package": "symfony/assetic-bundle",
            "version": "dev-master",
            "source-reference": "ca999f55c18b23daf1dc148efe4c42122eb8fd3b",
            "commit-date": "1347524781"
        },
        {
            "package": "symfony/monolog-bundle",
            "version": "dev-master",
            "source-reference": "b7318480e6f8bf5579d6b3cd856850302e7ba8d8",
            "commit-date": "1347283885"
        },
        {
            "package": "symfony/swiftmailer-bundle",
            "version": "dev-master",
            "source-reference": "d2eae9385c029cbac031a90e6d2abc74b889a562",
            "commit-date": "1346243146"
        },
        {
            "package": "symfony/symfony",
            "version": "2.1.x-dev",
            "source-reference": "f23fd03732e115fd15ec675c0ada4cba20a035d1",
            "commit-date": "1347354770"
        },
        {
            "package": "twig/extensions",
            "version": "dev-master",
            "source-reference": "f904575642b1213db69b4a98f08397e722ba1cae",
            "commit-date": "1346770278"
        },
        {
            "package": "twig/twig",
            "version": "dev-master",
            "alias-pretty-version": "1.9.x-dev",
            "alias-version": "1.9.9999999.9999999-dev"
        },
        {
            "package": "twig/twig",
            "version": "dev-master",
            "source-reference": "68b8c4619c5bbe82bd345fe56070dec8c356610a",
            "commit-date": "1347025342"
        },
        {
            "package": "vbardales/multiple-app-kernel-bundle",
            "version": "dev-master",
            "source-reference": "99ed7bba1dbeb254f55b2b06e493f178ed896221",
            "commit-date": "1344954479"
        },
        {
            "package": "white-october/pagerfanta-bundle",
            "version": "dev-master",
            "source-reference": "38e317a3ecd5a68e2322024ea8fe57632d4ddd68",
            "commit-date": "1343134121"
        },
        {
            "package": "willdurand/propel-typehintable-behavior",
            "version": "dev-master",
            "source-reference": "1.0.3",
            "commit-date": "1342361004"
        }
    ],
    "packages-dev": [
        {
            "package": "behat/behat",
            "version": "v2.3.5"
        },
        {
            "package": "behat/behat-bundle",
            "version": "dev-master",
            "source-reference": "63729b0b41ef4dce238207015cc9b33bbcc9b1a4",
            "commit-date": "1340834920"
        },
        {
            "package": "behat/gherkin",
            "version": "v2.1.1"
        },
        {
            "package": "behat/mink",
            "version": "v1.3.4"
        },
        {
            "package": "behat/mink-bundle",
            "version": "dev-master",
            "source-reference": "b44df60a8533824469591a8d3b8e2dbc916a1d59",
            "commit-date": "1344291139"
        },
        {
            "package": "behat/sahi-client",
            "version": "dev-master",
            "source-reference": "v1.0.1",
            "commit-date": "1324461849"
        },
        {
            "package": "kriswallsmith/buzz",
            "version": "dev-master",
            "source-reference": "988bf14201ffbed940f23b42f87302e6adec4c21",
            "commit-date": "1345206213"
        },
        {
            "package": "zendframework/zendframework",
            "version": "dev-master",
            "source-reference": "e5167b7be5e7b2a72993c5acb5a8704510a09ab5",
            "commit-date": "1347311196"
        }
    ],
    "aliases": [

    ],
    "minimum-stability": "dev",
    "stability-flags": {
        "twig/extensions": 20,
        "symfony/assetic-bundle": 20,
        "symfony/swiftmailer-bundle": 20,
        "symfony/monolog-bundle": 20,
        "sensio/distribution-bundle": 20,
        "sensio/generator-bundle": 20,
        "propel/propel-bundle": 20,
        "propel/propel1": 20,
        "willdurand/propel-typehintable-behavior": 20,
        "cedriclombardot/admingenerator-activeadmintheme-bundle": 20,
        "friendsofsymfony/user-bundle": 20,
        "cedriclombardot/admingenerator-user-bundle": 20,
        "white-october/pagerfanta-bundle": 20,
        "trsteel/ckeditor-bundle": 20,
        "vbardales/multiple-app-kernel-bundle": 20,
        "behat/behat-bundle": 20,
        "behat/mink-bundle": 20,
        "behat/sahi-client": 20,
        "zendframework/zendframework": 20
    }
}
