{
    "hash": "45e796bda9b915e0b499f182cff0cd28",
    "packages": [
        {
            "package": "Trsteel/ckeditor-bundle",
            "version": "dev-master",
            "source-reference": "d899adf5551511fd154dc39fabf483cce0f6a1f1",
            "commit-date": "1343084890"
        },
        {
            "package": "cedriclombardot/admingenerator-activeadmintheme-bundle",
            "version": "dev-master",
            "source-reference": "2d77340d56572bb9e5103c1d2771621df6277888",
            "commit-date": "1337677370"
        },
        {
            "package": "cedriclombardot/admingenerator-generator-bundle",
            "version": "dev-master",
            "source-reference": "6a28e020dd916caa46de07188e6174b521e9c34e",
            "commit-date": "1343204872"
        },
        {
            "package": "cedriclombardot/admingenerator-user-bundle",
            "version": "dev-master",
            "source-reference": "97862e4d7f69011781fbcea374e9d82fe3ad6729",
            "commit-date": "1330390046"
        },
        {
            "package": "cedriclombardot/twig-generator",
            "version": "dev-master",
            "source-reference": "5d0a63b8a55f02845b0eb20cfb338b161b25a582",
            "commit-date": "1333539346"
        },
        {
            "package": "doctrine/common",
            "version": "2.3.x-dev",
            "source-reference": "b0ed9cc35ec28b7cd23d3d001e6fd4c7b5092926",
            "commit-date": "1343082138"
        },
        {
            "package": "friendsofsymfony/user-bundle",
            "version": "dev-master",
            "source-reference": "93b174df2ca884a70ecd99cd12adc29c378ca053",
            "commit-date": "1342876759"
        },
        {
            "package": "jms/aop-bundle",
            "version": "1.0.0"
        },
        {
            "package": "jms/cg",
            "version": "1.0.0"
        },
        {
            "package": "jms/di-extra-bundle",
            "version": "1.0.1"
        },
        {
            "package": "jms/metadata",
            "version": "1.1.1"
        },
        {
            "package": "jms/security-extra-bundle",
            "version": "1.1.0"
        },
        {
            "package": "knplabs/knp-menu",
            "version": "dev-master",
            "alias-pretty-version": "2.0.x-dev",
            "alias-version": "2.0.9999999.9999999-dev"
        },
        {
            "package": "knplabs/knp-menu",
            "version": "dev-master",
            "source-reference": "418788056ba5b95f4a2717ba5b4d4ab078aca4ab",
            "commit-date": "1340209324"
        },
        {
            "package": "knplabs/knp-menu-bundle",
            "version": "dev-master",
            "source-reference": "ba1ff625e4b34131106e12ee475eb6397eb5a758",
            "commit-date": "1341324163"
        },
        {
            "package": "kriswallsmith/assetic",
            "version": "dev-master",
            "alias-pretty-version": "1.1.x-dev",
            "alias-version": "1.1.9999999.9999999-dev"
        },
        {
            "package": "kriswallsmith/assetic",
            "version": "dev-master",
            "source-reference": "c518a48ddc26af898191410cc35f7f30aaed448e",
            "commit-date": "1343084248"
        },
        {
            "package": "monolog/monolog",
            "version": "1.1.0"
        },
        {
            "package": "pagerfanta/pagerfanta",
            "version": "dev-master",
            "source-reference": "486a9b809fa7660787fb3b97dffcc26d30de6356",
            "commit-date": "1343021263"
        },
        {
            "package": "pear-pear.phing.info/phing",
            "version": "2.4.6"
        },
        {
            "package": "propel/propel-bundle",
            "version": "1.1.x-dev",
            "source-reference": "8299a7605957739a7bc81d6268c6f160d2014507",
            "commit-date": "1343201137"
        },
        {
            "package": "propel/propel1",
            "version": "1.6.5"
        },
        {
            "package": "sensio/distribution-bundle",
            "version": "dev-master",
            "source-reference": "0e7919b3b6aef91117adea179830a0ac7e9070c5",
            "commit-date": "1338297658"
        },
        {
            "package": "sensio/framework-extra-bundle",
            "version": "dev-master",
            "source-reference": "b2cdb24737aa0c7381faf53d2e2f31a667113adc",
            "commit-date": "1343195639"
        },
        {
            "package": "sensio/generator-bundle",
            "version": "dev-master",
            "source-reference": "c17dbddefe517e3adfcbeaa1ab7cef3e572d29c6",
            "commit-date": "1342195488"
        },
        {
            "package": "swiftmailer/swiftmailer",
            "version": "dev-master",
            "alias-pretty-version": "4.2.x-dev",
            "alias-version": "4.2.9999999.9999999-dev"
        },
        {
            "package": "swiftmailer/swiftmailer",
            "version": "dev-master",
            "source-reference": "8b2aa953f87da228ba413e8fb1372e49c1374050",
            "commit-date": "1342198037"
        },
        {
            "package": "symfony/assetic-bundle",
            "version": "dev-master",
            "source-reference": "a5daf7ca4588f88105c808de9a28ba1e66bfa082",
            "commit-date": "1343161458"
        },
        {
            "package": "symfony/monolog-bundle",
            "version": "dev-master",
            "source-reference": "v2.1.0-BETA4",
            "commit-date": "1341078487"
        },
        {
            "package": "symfony/swiftmailer-bundle",
            "version": "dev-master",
            "source-reference": "v2.1.0-BETA4",
            "commit-date": "1342684512"
        },
        {
            "package": "symfony/symfony",
            "version": "dev-master",
            "alias-pretty-version": "2.1.x-dev",
            "alias-version": "2.1.9999999.9999999-dev"
        },
        {
            "package": "symfony/symfony",
            "version": "dev-master",
            "source-reference": "965fe3258b8fad49907cc07af5cad7b9bfea133a",
            "commit-date": "1343201916"
        },
        {
            "package": "twig/extensions",
            "version": "dev-master",
            "source-reference": "feb6d3f10c411e2631997c0a905aa581c80305c1",
            "commit-date": "1337599699"
        },
        {
            "package": "twig/twig",
            "version": "dev-master",
            "alias-pretty-version": "1.9.x-dev",
            "alias-version": "1.9.9999999.9999999-dev"
        },
        {
            "package": "twig/twig",
            "version": "dev-master",
            "source-reference": "657de7bdeb680815e0df95f63da9f81e1533d2ea",
            "commit-date": "1342953178"
        },
        {
            "package": "vbardales/multiple-app-kernel-bundle",
            "version": "dev-master",
            "source-reference": "086ca7af7efdda21f117784017eba9ac6ef80b7a",
            "commit-date": "1338973348"
        },
        {
            "package": "white-october/pagerfanta-bundle",
            "version": "dev-master",
            "source-reference": "38e317a3ecd5a68e2322024ea8fe57632d4ddd68",
            "commit-date": "1343134121"
        },
        {
            "package": "willdurand/propel-typehintable-behavior",
            "version": "dev-master",
            "source-reference": "8faf0c985bf3ad5d1553659578da88b8a7507ed2",
            "commit-date": "1342361004"
        }
    ],
    "packages-dev": null,
    "aliases": [

    ],
    "minimum-stability": "dev",
    "stability-flags": {
        "twig/extensions": 20,
        "symfony/assetic-bundle": 20,
        "symfony/swiftmailer-bundle": 20,
        "symfony/monolog-bundle": 20,
        "sensio/distribution-bundle": 20,
        "sensio/framework-extra-bundle": 20,
        "sensio/generator-bundle": 20,
        "propel/propel-bundle": 20,
        "willdurand/propel-typehintable-behavior": 20,
        "cedriclombardot/admingenerator-activeadmintheme-bundle": 20,
        "friendsofsymfony/user-bundle": 20,
        "cedriclombardot/admingenerator-user-bundle": 20,
        "white-october/pagerfanta-bundle": 20,
        "trsteel/ckeditor-bundle": 20,
        "vbardales/multiple-app-kernel-bundle": 20,
        "behat/behat-bundle": 20,
        "behat/mink-bundle": 20,
        "behat/sahi-client": 20,
        "zendframework/zendframework": 20
    }
}
